{
  "name": "badwaka.github.io",
  "version": "1.0.0",
  "lockfileVersion": 1,
  "requires": true,
  "dependencies": {
    "@tweenjs/tween.js": {
      "version": "17.1.1",
      "resolved": "https://registry.npmjs.org/@tweenjs/tween.js/-/tween.js-17.1.1.tgz",
      "integrity": "sha1-pzXsM2Koz/dBhzOFNQPCpVPuGjo="
    },
    "asap": {
      "version": "2.0.6",
      "resolved": "http://registry.npm.taobao.org/asap/download/asap-2.0.6.tgz",
      "integrity": "sha1-5QNHYR1+aQlDIIu9r+vLwvuGbUY=",
      "dev": true,
      "optional": true
    },
    "bit-twiddle": {
      "version": "1.0.2",
      "resolved": "http://registry.npm.taobao.org/bit-twiddle/download/bit-twiddle-1.0.2.tgz",
      "integrity": "sha1-DGwfq+KyPRcXPZpht7cJPrnhdp4="
    },
    "earcut": {
      "version": "2.1.1",
      "resolved": "http://registry.npm.taobao.org/earcut/download/earcut-2.1.1.tgz",
      "integrity": "sha1-FXY05fPrtCIk5HUBboalts5Va0U="
    },
    "errno": {
      "version": "0.1.4",
      "resolved": "http://registry.npm.taobao.org/errno/download/errno-0.1.4.tgz",
      "integrity": "sha1-uJbiOp5ei6M4cfyZar02NfyaHH0=",
      "dev": true,
      "optional": true,
      "requires": {
        "prr": "0.0.0"
      }
    },
    "eventemitter3": {
      "version": "2.0.3",
      "resolved": "http://registry.npm.taobao.org/eventemitter3/download/eventemitter3-2.0.3.tgz",
      "integrity": "sha1-teEHm1n7XhuidxwKmTvgYKWMmbo="
    },
    "graceful-fs": {
      "version": "4.1.11",
      "resolved": "http://registry.npm.taobao.org/graceful-fs/download/graceful-fs-4.1.11.tgz",
      "integrity": "sha1-Dovf5NHduIVNZOBOp8AOKgJuVlg=",
      "dev": true,
      "optional": true
    },
    "image-size": {
      "version": "0.5.5",
      "resolved": "http://registry.npm.taobao.org/image-size/download/image-size-0.5.5.tgz",
      "integrity": "sha1-Cd/Uq50g4p6xw+gLiZA3jfnjy5w=",
      "dev": true,
      "optional": true
    },
    "ismobilejs": {
      "version": "0.4.1",
      "resolved": "http://registry.npm.taobao.org/ismobilejs/download/ismobilejs-0.4.1.tgz",
      "integrity": "sha1-Gl8SbHD+05yT2jgPpiy65XI+fcI="
    },
    "keycode": {
      "version": "2.1.9",
      "resolved": "http://registry.npm.taobao.org/keycode/download/keycode-2.1.9.tgz",
      "integrity": "sha1-lkojxU5IiUBbSGGlyfBIDUUUHfo="
    },
    "less": {
      "version": "3.0.0-alpha.3",
      "resolved": "http://registry.npm.taobao.org/less/download/less-3.0.0-alpha.3.tgz",
      "integrity": "sha1-09qSNP0W5gpH1ikedy5lqEHshBA=",
      "dev": true,
      "requires": {
        "errno": "0.1.4",
        "graceful-fs": "4.1.11",
        "image-size": "0.5.5",
        "mime": "1.4.1",
        "mkdirp": "0.5.1",
        "promise": "7.3.1",
        "source-map": "0.5.7"
      }
    },
    "lodash.tolower": {
      "version": "4.1.2",
      "resolved": "http://registry.npm.taobao.org/lodash.tolower/download/lodash.tolower-4.1.2.tgz",
      "integrity": "sha1-1tMJrEPu+NROje1mtz2rC+sIBtc="
    },
    "mime": {
      "version": "1.4.1",
      "resolved": "http://registry.npm.taobao.org/mime/download/mime-1.4.1.tgz",
      "integrity": "sha1-Eh+evEnjdm8xGnbh+hyAA8SwOqY=",
      "dev": true,
      "optional": true
    },
    "mini-signals": {
      "version": "1.2.0",
      "resolved": "http://registry.npm.taobao.org/mini-signals/download/mini-signals-1.2.0.tgz",
      "integrity": "sha1-RbCAE8X65RokqhqTXNMXye1yHXQ="
    },
    "minimist": {
      "version": "0.0.8",
      "resolved": "http://registry.npm.taobao.org/minimist/download/minimist-0.0.8.tgz",
      "integrity": "sha1-hX/Kv8M5fSYluCKCYuhqp6ARsF0=",
      "dev": true,
      "optional": true
    },
    "mkdirp": {
      "version": "0.5.1",
      "resolved": "http://registry.npm.taobao.org/mkdirp/download/mkdirp-0.5.1.tgz",
      "integrity": "sha1-MAV0OOrGz3+MR2fzhkjWaX11yQM=",
      "dev": true,
      "optional": true,
      "requires": {
        "minimist": "0.0.8"
      }
    },
    "muse-ui": {
      "version": "2.1.0",
      "resolved": "http://registry.npm.taobao.org/muse-ui/download/muse-ui-2.1.0.tgz",
      "integrity": "sha1-qi9uffIgvu27kIQXukhQBxv/ZN8=",
      "requires": {
        "keycode": "2.1.9",
        "lodash.tolower": "4.1.2"
      }
    },
    "object-assign": {
      "version": "4.1.1",
      "resolved": "http://registry.npm.taobao.org/object-assign/download/object-assign-4.1.1.tgz",
      "integrity": "sha1-IQmtx5ZYh8/AXLvUQsrIv7s2CGM="
    },
    "parse-uri": {
      "version": "1.0.0",
      "resolved": "http://registry.npm.taobao.org/parse-uri/download/parse-uri-1.0.0.tgz",
      "integrity": "sha1-KHLcwi8aeXrN4Vg9igrClVLdrCA="
    },
    "pixi-gl-core": {
      "version": "1.1.0",
      "resolved": "http://registry.npm.taobao.org/pixi-gl-core/download/pixi-gl-core-1.1.0.tgz",
      "integrity": "sha1-pSy03TJU+ceFeg6cI1awDm7Ax2E="
    },
    "pixi.js": {
      "version": "4.5.6",
      "resolved": "http://registry.npm.taobao.org/pixi.js/download/pixi.js-4.5.6.tgz",
      "integrity": "sha1-VJFOeTX5qeNGkjufQk5S+kF1k80=",
      "requires": {
        "bit-twiddle": "1.0.2",
        "earcut": "2.1.1",
        "eventemitter3": "2.0.3",
        "ismobilejs": "0.4.1",
        "object-assign": "4.1.1",
        "pixi-gl-core": "1.1.0",
        "remove-array-items": "1.0.0",
        "resource-loader": "2.0.9"
      }
    },
    "promise": {
      "version": "7.3.1",
      "resolved": "http://registry.npm.taobao.org/promise/download/promise-7.3.1.tgz",
      "integrity": "sha1-BktyYCsY+Q8pGSuLG8QY/9Hr078=",
      "dev": true,
      "optional": true,
      "requires": {
        "asap": "2.0.6"
      }
    },
    "prr": {
      "version": "0.0.0",
      "resolved": "http://registry.npm.taobao.org/prr/download/prr-0.0.0.tgz",
      "integrity": "sha1-GoS4WQgyVQFBGFPQCB7j+obikmo=",
      "dev": true,
      "optional": true
    },
    "remove-array-items": {
      "version": "1.0.0",
      "resolved": "http://registry.npm.taobao.org/remove-array-items/download/remove-array-items-1.0.0.tgz",
      "integrity": "sha1-B79CyzMvTPboXq2DteToltIyayE="
    },
    "resource-loader": {
      "version": "2.0.9",
      "resolved": "http://registry.npm.taobao.org/resource-loader/download/resource-loader-2.0.9.tgz",
      "integrity": "sha1-ZdO1CpguSCYLrPg1KE4actl4gG0=",
      "requires": {
        "mini-signals": "1.2.0",
        "parse-uri": "1.0.0"
      }
    },
    "source-map": {
      "version": "0.5.7",
      "resolved": "http://registry.npm.taobao.org/source-map/download/source-map-0.5.7.tgz",
      "integrity": "sha1-igOdLRAh0i0eoUyA2OpGi6LvP8w=",
      "dev": true,
      "optional": true
    },
    "three": {
      "version": "0.87.1",
      "resolved": "https://registry.npmjs.org/three/-/three-0.87.1.tgz",
      "integrity": "sha1-Rmo07cRUNFnO2bnX0na2Uhb+K6g="
    },
    "vue": {
      "version": "2.4.4",
      "resolved": "https://registry.npmjs.org/vue/-/vue-2.4.4.tgz",
      "integrity": "sha512-PCiRmc8ZT1DD5+BN8QUAmnkBefcCLfZVSuhc1u7iu5JoPrSHyyk/+4nehm7k2xVMi8+RFLk5WIHAN14UKF0txw=="
    }
  }
}
